// !$*UTF8*$!
{
	archiveVersion = 1;
	classes = {
	};
	objectVersion = 46;
	objects = {

/* Begin PBXBuildFile section */
		B824AAEEB645941850EBBFAE /* Pods_ToiletLighthouse.framework in Frameworks */ = {isa = PBXBuildFile; fileRef = 622F7B540302C96CB3AD418F /* Pods_ToiletLighthouse.framework */; settings = {ATTRIBUTES = (Weak, ); }; };
		CF2AED481B90DCE200F81923 /* AppDelegate.swift in Sources */ = {isa = PBXBuildFile; fileRef = CF2AED471B90DCE200F81923 /* AppDelegate.swift */; };
		CF2AED4A1B90DCE200F81923 /* Images.xcassets in Resources */ = {isa = PBXBuildFile; fileRef = CF2AED491B90DCE200F81923 /* Images.xcassets */; };
		CF2AED4D1B90DCE200F81923 /* MainMenu.xib in Resources */ = {isa = PBXBuildFile; fileRef = CF2AED4B1B90DCE200F81923 /* MainMenu.xib */; };
		CF2AED591B90DCE200F81923 /* ToiletLighthouseTests.swift in Sources */ = {isa = PBXBuildFile; fileRef = CF2AED581B90DCE200F81923 /* ToiletLighthouseTests.swift */; };
		CF2AED6A1B90EB9400F81923 /* ToiletLightHouseServer.swift in Sources */ = {isa = PBXBuildFile; fileRef = CF2AED691B90EB9400F81923 /* ToiletLightHouseServer.swift */; };
		CF2AED6D1B937EC600F81923 /* GCDAsyncSocket+DelegationHelper.swift in Sources */ = {isa = PBXBuildFile; fileRef = CF2AED6C1B937EC600F81923 /* GCDAsyncSocket+DelegationHelper.swift */; };
		CF7F86991BAE07A300677BCB /* ToiletLightHouseClient.swift in Sources */ = {isa = PBXBuildFile; fileRef = CF7F86981BAE07A300677BCB /* ToiletLightHouseClient.swift */; settings = {ASSET_TAGS = (); }; };
		CFE55F981BAD5B1200A72959 /* BlueToothDevice.swift in Sources */ = {isa = PBXBuildFile; fileRef = CFE55F971BAD5B1200A72959 /* BlueToothDevice.swift */; settings = {ASSET_TAGS = (); }; };
/* End PBXBuildFile section */

/* Begin PBXContainerItemProxy section */
		CF2AED531B90DCE200F81923 /* PBXContainerItemProxy */ = {
			isa = PBXContainerItemProxy;
			containerPortal = CF2AED3A1B90DCE200F81923 /* Project object */;
			proxyType = 1;
			remoteGlobalIDString = CF2AED411B90DCE200F81923;
			remoteInfo = ToiletLighthouse;
		};
/* End PBXContainerItemProxy section */

/* Begin PBXFileReference section */
		5A6FA9EE706F62451F6A668B /* Pods-ToiletLighthouse.debug.xcconfig */ = {isa = PBXFileReference; includeInIndex = 1; lastKnownFileType = text.xcconfig; name = "Pods-ToiletLighthouse.debug.xcconfig"; path = "Pods/Target Support Files/Pods-ToiletLighthouse/Pods-ToiletLighthouse.debug.xcconfig"; sourceTree = "<group>"; };
		622F7B540302C96CB3AD418F /* Pods_ToiletLighthouse.framework */ = {isa = PBXFileReference; explicitFileType = wrapper.framework; includeInIndex = 0; path = Pods_ToiletLighthouse.framework; sourceTree = BUILT_PRODUCTS_DIR; };
		7374B6BB8FB9FB1B5FD15646 /* Pods-ToiletLighthouse.release.xcconfig */ = {isa = PBXFileReference; includeInIndex = 1; lastKnownFileType = text.xcconfig; name = "Pods-ToiletLighthouse.release.xcconfig"; path = "Pods/Target Support Files/Pods-ToiletLighthouse/Pods-ToiletLighthouse.release.xcconfig"; sourceTree = "<group>"; };
		CF2AED421B90DCE200F81923 /* ToiletLighthouse.app */ = {isa = PBXFileReference; explicitFileType = wrapper.application; includeInIndex = 0; path = ToiletLighthouse.app; sourceTree = BUILT_PRODUCTS_DIR; };
		CF2AED461B90DCE200F81923 /* Info.plist */ = {isa = PBXFileReference; lastKnownFileType = text.plist.xml; path = Info.plist; sourceTree = "<group>"; };
		CF2AED471B90DCE200F81923 /* AppDelegate.swift */ = {isa = PBXFileReference; lastKnownFileType = sourcecode.swift; path = AppDelegate.swift; sourceTree = "<group>"; };
		CF2AED491B90DCE200F81923 /* Images.xcassets */ = {isa = PBXFileReference; lastKnownFileType = folder.assetcatalog; path = Images.xcassets; sourceTree = "<group>"; };
		CF2AED4C1B90DCE200F81923 /* Base */ = {isa = PBXFileReference; lastKnownFileType = file.xib; name = Base; path = Base.lproj/MainMenu.xib; sourceTree = "<group>"; };
		CF2AED521B90DCE200F81923 /* ToiletLighthouseTests.xctest */ = {isa = PBXFileReference; explicitFileType = wrapper.cfbundle; includeInIndex = 0; path = ToiletLighthouseTests.xctest; sourceTree = BUILT_PRODUCTS_DIR; };
		CF2AED571B90DCE200F81923 /* Info.plist */ = {isa = PBXFileReference; lastKnownFileType = text.plist.xml; path = Info.plist; sourceTree = "<group>"; };
		CF2AED581B90DCE200F81923 /* ToiletLighthouseTests.swift */ = {isa = PBXFileReference; lastKnownFileType = sourcecode.swift; path = ToiletLighthouseTests.swift; sourceTree = "<group>"; };
		CF2AED691B90EB9400F81923 /* ToiletLightHouseServer.swift */ = {isa = PBXFileReference; fileEncoding = 4; lastKnownFileType = sourcecode.swift; path = ToiletLightHouseServer.swift; sourceTree = "<group>"; };
		CF2AED6C1B937EC600F81923 /* GCDAsyncSocket+DelegationHelper.swift */ = {isa = PBXFileReference; fileEncoding = 4; lastKnownFileType = sourcecode.swift; path = "GCDAsyncSocket+DelegationHelper.swift"; sourceTree = "<group>"; };
		CF7F86981BAE07A300677BCB /* ToiletLightHouseClient.swift */ = {isa = PBXFileReference; fileEncoding = 4; lastKnownFileType = sourcecode.swift; path = ToiletLightHouseClient.swift; sourceTree = "<group>"; };
		CFE55F971BAD5B1200A72959 /* BlueToothDevice.swift */ = {isa = PBXFileReference; fileEncoding = 4; lastKnownFileType = sourcecode.swift; path = BlueToothDevice.swift; sourceTree = "<group>"; };
/* End PBXFileReference section */

/* Begin PBXFrameworksBuildPhase section */
		CF2AED3F1B90DCE200F81923 /* Frameworks */ = {
			isa = PBXFrameworksBuildPhase;
			buildActionMask = 2147483647;
			files = (
				B824AAEEB645941850EBBFAE /* Pods_ToiletLighthouse.framework in Frameworks */,
			);
			runOnlyForDeploymentPostprocessing = 0;
		};
		CF2AED4F1B90DCE200F81923 /* Frameworks */ = {
			isa = PBXFrameworksBuildPhase;
			buildActionMask = 2147483647;
			files = (
			);
			runOnlyForDeploymentPostprocessing = 0;
		};
/* End PBXFrameworksBuildPhase section */

/* Begin PBXGroup section */
		114A3D79D514B4585FCC289F /* Frameworks */ = {
			isa = PBXGroup;
			children = (
				622F7B540302C96CB3AD418F /* Pods_ToiletLighthouse.framework */,
			);
			name = Frameworks;
			sourceTree = "<group>";
		};
		5EFC94C435F5899C04B5DD63 /* Pods */ = {
			isa = PBXGroup;
			children = (
				5A6FA9EE706F62451F6A668B /* Pods-ToiletLighthouse.debug.xcconfig */,
				7374B6BB8FB9FB1B5FD15646 /* Pods-ToiletLighthouse.release.xcconfig */,
			);
			name = Pods;
			sourceTree = "<group>";
		};
		CF2AED391B90DCE200F81923 = {
			isa = PBXGroup;
			children = (
				CF2AED621B90E1AD00F81923 /* ThirdPartyLibrary */,
				CF2AED441B90DCE200F81923 /* ToiletLighthouse */,
				CF2AED551B90DCE200F81923 /* ToiletLighthouseTests */,
				CF2AED431B90DCE200F81923 /* Products */,
				5EFC94C435F5899C04B5DD63 /* Pods */,
				114A3D79D514B4585FCC289F /* Frameworks */,
			);
			sourceTree = "<group>";
		};
		CF2AED431B90DCE200F81923 /* Products */ = {
			isa = PBXGroup;
			children = (
				CF2AED421B90DCE200F81923 /* ToiletLighthouse.app */,
				CF2AED521B90DCE200F81923 /* ToiletLighthouseTests.xctest */,
			);
			name = Products;
			sourceTree = "<group>";
		};
		CF2AED441B90DCE200F81923 /* ToiletLighthouse */ = {
			isa = PBXGroup;
			children = (
				CF2AED6B1B934DD200F81923 /* SocketHelper */,
				CF2AED681B90EB4C00F81923 /* ConnectionLibrary */,
				CF2AED471B90DCE200F81923 /* AppDelegate.swift */,
				CF2AED491B90DCE200F81923 /* Images.xcassets */,
				CF2AED4B1B90DCE200F81923 /* MainMenu.xib */,
				CF2AED451B90DCE200F81923 /* Supporting Files */,
			);
			path = ToiletLighthouse;
			sourceTree = "<group>";
		};
		CF2AED451B90DCE200F81923 /* Supporting Files */ = {
			isa = PBXGroup;
			children = (
				CF2AED461B90DCE200F81923 /* Info.plist */,
			);
			name = "Supporting Files";
			sourceTree = "<group>";
		};
		CF2AED551B90DCE200F81923 /* ToiletLighthouseTests */ = {
			isa = PBXGroup;
			children = (
				CF2AED581B90DCE200F81923 /* ToiletLighthouseTests.swift */,
				CF2AED561B90DCE200F81923 /* Supporting Files */,
			);
			path = ToiletLighthouseTests;
			sourceTree = "<group>";
		};
		CF2AED561B90DCE200F81923 /* Supporting Files */ = {
			isa = PBXGroup;
			children = (
				CF2AED571B90DCE200F81923 /* Info.plist */,
			);
			name = "Supporting Files";
			sourceTree = "<group>";
		};
		CF2AED621B90E1AD00F81923 /* ThirdPartyLibrary */ = {
			isa = PBXGroup;
			children = (
			);
			name = ThirdPartyLibrary;
			sourceTree = "<group>";
		};
		CF2AED681B90EB4C00F81923 /* ConnectionLibrary */ = {
			isa = PBXGroup;
			children = (
				CFE55F971BAD5B1200A72959 /* BlueToothDevice.swift */,
				CF7F86981BAE07A300677BCB /* ToiletLightHouseClient.swift */,
				CF2AED691B90EB9400F81923 /* ToiletLightHouseServer.swift */,
			);
			name = ConnectionLibrary;
			sourceTree = "<group>";
		};
		CF2AED6B1B934DD200F81923 /* SocketHelper */ = {
			isa = PBXGroup;
			children = (
				CF2AED6C1B937EC600F81923 /* GCDAsyncSocket+DelegationHelper.swift */,
			);
			name = SocketHelper;
			sourceTree = "<group>";
		};
/* End PBXGroup section */

/* Begin PBXNativeTarget section */
		CF2AED411B90DCE200F81923 /* ToiletLighthouse */ = {
			isa = PBXNativeTarget;
			buildConfigurationList = CF2AED5C1B90DCE200F81923 /* Build configuration list for PBXNativeTarget "ToiletLighthouse" */;
			buildPhases = (
				B13894E511D181A0C6BD4E68 /* Check Pods Manifest.lock */,
				CF2AED3E1B90DCE200F81923 /* Sources */,
				CF2AED3F1B90DCE200F81923 /* Frameworks */,
				CF2AED401B90DCE200F81923 /* Resources */,
				24742A2F3846AA86AB807A53 /* Embed Pods Frameworks */,
				101A4168954B470140F3EBD9 /* Copy Pods Resources */,
			);
			buildRules = (
			);
			dependencies = (
			);
			name = ToiletLighthouse;
			productName = ToiletLighthouse;
			productReference = CF2AED421B90DCE200F81923 /* ToiletLighthouse.app */;
			productType = "com.apple.product-type.application";
		};
		CF2AED511B90DCE200F81923 /* ToiletLighthouseTests */ = {
			isa = PBXNativeTarget;
			buildConfigurationList = CF2AED5F1B90DCE200F81923 /* Build configuration list for PBXNativeTarget "ToiletLighthouseTests" */;
			buildPhases = (
				CF2AED4E1B90DCE200F81923 /* Sources */,
				CF2AED4F1B90DCE200F81923 /* Frameworks */,
				CF2AED501B90DCE200F81923 /* Resources */,
			);
			buildRules = (
			);
			dependencies = (
				CF2AED541B90DCE200F81923 /* PBXTargetDependency */,
			);
			name = ToiletLighthouseTests;
			productName = ToiletLighthouseTests;
			productReference = CF2AED521B90DCE200F81923 /* ToiletLighthouseTests.xctest */;
			productType = "com.apple.product-type.bundle.unit-test";
		};
/* End PBXNativeTarget section */

/* Begin PBXProject section */
		CF2AED3A1B90DCE200F81923 /* Project object */ = {
			isa = PBXProject;
			attributes = {
				LastSwiftUpdateCheck = 0700;
				LastUpgradeCheck = 0640;
				ORGANIZATIONNAME = iCHEF;
				TargetAttributes = {
					CF2AED411B90DCE200F81923 = {
						CreatedOnToolsVersion = 6.4;
					};
					CF2AED511B90DCE200F81923 = {
						CreatedOnToolsVersion = 6.4;
						TestTargetID = CF2AED411B90DCE200F81923;
					};
				};
			};
			buildConfigurationList = CF2AED3D1B90DCE200F81923 /* Build configuration list for PBXProject "ToiletLighthouse" */;
			compatibilityVersion = "Xcode 3.2";
			developmentRegion = English;
			hasScannedForEncodings = 0;
			knownRegions = (
				en,
				Base,
			);
			mainGroup = CF2AED391B90DCE200F81923;
			productRefGroup = CF2AED431B90DCE200F81923 /* Products */;
			projectDirPath = "";
			projectRoot = "";
			targets = (
				CF2AED411B90DCE200F81923 /* ToiletLighthouse */,
				CF2AED511B90DCE200F81923 /* ToiletLighthouseTests */,
			);
		};
/* End PBXProject section */

/* Begin PBXResourcesBuildPhase section */
		CF2AED401B90DCE200F81923 /* Resources */ = {
			isa = PBXResourcesBuildPhase;
			buildActionMask = 2147483647;
			files = (
				CF2AED4A1B90DCE200F81923 /* Images.xcassets in Resources */,
				CF2AED4D1B90DCE200F81923 /* MainMenu.xib in Resources */,
			);
			runOnlyForDeploymentPostprocessing = 0;
		};
		CF2AED501B90DCE200F81923 /* Resources */ = {
			isa = PBXResourcesBuildPhase;
			buildActionMask = 2147483647;
			files = (
			);
			runOnlyForDeploymentPostprocessing = 0;
		};
/* End PBXResourcesBuildPhase section */

/* Begin PBXShellScriptBuildPhase section */
		101A4168954B470140F3EBD9 /* Copy Pods Resources */ = {
			isa = PBXShellScriptBuildPhase;
			buildActionMask = 2147483647;
			files = (
			);
			inputPaths = (
			);
			name = "Copy Pods Resources";
			outputPaths = (
			);
			runOnlyForDeploymentPostprocessing = 0;
			shellPath = /bin/sh;
			shellScript = "\"${SRCROOT}/Pods/Target Support Files/Pods-ToiletLighthouse/Pods-ToiletLighthouse-resources.sh\"\n";
			showEnvVarsInLog = 0;
		};
		24742A2F3846AA86AB807A53 /* Embed Pods Frameworks */ = {
			isa = PBXShellScriptBuildPhase;
			buildActionMask = 2147483647;
			files = (
			);
			inputPaths = (
			);
			name = "Embed Pods Frameworks";
			outputPaths = (
			);
			runOnlyForDeploymentPostprocessing = 0;
			shellPath = /bin/sh;
			shellScript = "\"${SRCROOT}/Pods/Target Support Files/Pods-ToiletLighthouse/Pods-ToiletLighthouse-frameworks.sh\"\n";
			showEnvVarsInLog = 0;
		};
		B13894E511D181A0C6BD4E68 /* Check Pods Manifest.lock */ = {
			isa = PBXShellScriptBuildPhase;
			buildActionMask = 2147483647;
			files = (
			);
			inputPaths = (
			);
			name = "Check Pods Manifest.lock";
			outputPaths = (
			);
			runOnlyForDeploymentPostprocessing = 0;
			shellPath = /bin/sh;
			shellScript = "diff \"${PODS_ROOT}/../Podfile.lock\" \"${PODS_ROOT}/Manifest.lock\" > /dev/null\nif [[ $? != 0 ]] ; then\n    cat << EOM\nerror: The sandbox is not in sync with the Podfile.lock. Run 'pod install' or update your CocoaPods installation.\nEOM\n    exit 1\nfi\n";
			showEnvVarsInLog = 0;
		};
/* End PBXShellScriptBuildPhase section */

/* Begin PBXSourcesBuildPhase section */
		CF2AED3E1B90DCE200F81923 /* Sources */ = {
			isa = PBXSourcesBuildPhase;
			buildActionMask = 2147483647;
			files = (
				CF2AED6D1B937EC600F81923 /* GCDAsyncSocket+DelegationHelper.swift in Sources */,
				CF7F86991BAE07A300677BCB /* ToiletLightHouseClient.swift in Sources */,
				CF2AED481B90DCE200F81923 /* AppDelegate.swift in Sources */,
				CF2AED6A1B90EB9400F81923 /* ToiletLightHouseServer.swift in Sources */,
				CFE55F981BAD5B1200A72959 /* BlueToothDevice.swift in Sources */,
			);
			runOnlyForDeploymentPostprocessing = 0;
		};
		CF2AED4E1B90DCE200F81923 /* Sources */ = {
			isa = PBXSourcesBuildPhase;
			buildActionMask = 2147483647;
			files = (
				CF2AED591B90DCE200F81923 /* ToiletLighthouseTests.swift in Sources */,
			);
			runOnlyForDeploymentPostprocessing = 0;
		};
/* End PBXSourcesBuildPhase section */

/* Begin PBXTargetDependency section */
		CF2AED541B90DCE200F81923 /* PBXTargetDependency */ = {
			isa = PBXTargetDependency;
			target = CF2AED411B90DCE200F81923 /* ToiletLighthouse */;
			targetProxy = CF2AED531B90DCE200F81923 /* PBXContainerItemProxy */;
		};
/* End PBXTargetDependency section */

/* Begin PBXVariantGroup section */
		CF2AED4B1B90DCE200F81923 /* MainMenu.xib */ = {
			isa = PBXVariantGroup;
			children = (
				CF2AED4C1B90DCE200F81923 /* Base */,
			);
			name = MainMenu.xib;
			sourceTree = "<group>";
		};
/* End PBXVariantGroup section */

/* Begin XCBuildConfiguration section */
		CF2AED5A1B90DCE200F81923 /* Debug */ = {
			isa = XCBuildConfiguration;
			buildSettings = {
				ALWAYS_SEARCH_USER_PATHS = NO;
				CLANG_CXX_LANGUAGE_STANDARD = "gnu++0x";
				CLANG_CXX_LIBRARY = "libc++";
				CLANG_ENABLE_MODULES = YES;
				CLANG_ENABLE_OBJC_ARC = YES;
				CLANG_WARN_BOOL_CONVERSION = YES;
				CLANG_WARN_CONSTANT_CONVERSION = YES;
				CLANG_WARN_DIRECT_OBJC_ISA_USAGE = YES_ERROR;
				CLANG_WARN_EMPTY_BODY = YES;
				CLANG_WARN_ENUM_CONVERSION = YES;
				CLANG_WARN_INT_CONVERSION = YES;
				CLANG_WARN_OBJC_ROOT_CLASS = YES_ERROR;
				CLANG_WARN_UNREACHABLE_CODE = YES;
				CLANG_WARN__DUPLICATE_METHOD_MATCH = YES;
				CODE_SIGN_IDENTITY = "-";
				COPY_PHASE_STRIP = NO;
				DEBUG_INFORMATION_FORMAT = dwarf;
				ENABLE_STRICT_OBJC_MSGSEND = YES;
				GCC_C_LANGUAGE_STANDARD = gnu99;
				GCC_DYNAMIC_NO_PIC = NO;
				GCC_NO_COMMON_BLOCKS = YES;
				GCC_OPTIMIZATION_LEVEL = 0;
				GCC_PREPROCESSOR_DEFINITIONS = (
					"DEBUG=1",
					"$(inherited)",
				);
				GCC_SYMBOLS_PRIVATE_EXTERN = NO;
				GCC_WARN_64_TO_32_BIT_CONVERSION = YES;
				GCC_WARN_ABOUT_RETURN_TYPE = YES_ERROR;
				GCC_WARN_UNDECLARED_SELECTOR = YES;
				GCC_WARN_UNINITIALIZED_AUTOS = YES_AGGRESSIVE;
				GCC_WARN_UNUSED_FUNCTION = YES;
				GCC_WARN_UNUSED_VARIABLE = YES;
				MACOSX_DEPLOYMENT_TARGET = 10.10;
				MTL_ENABLE_DEBUG_INFO = YES;
				ONLY_ACTIVE_ARCH = YES;
				SDKROOT = macosx;
				SWIFT_OPTIMIZATION_LEVEL = "-Onone";
			};
			name = Debug;
		};
		CF2AED5B1B90DCE200F81923 /* Release */ = {
			isa = XCBuildConfiguration;
			buildSettings = {
				ALWAYS_SEARCH_USER_PATHS = NO;
				CLANG_CXX_LANGUAGE_STANDARD = "gnu++0x";
				CLANG_CXX_LIBRARY = "libc++";
				CLANG_ENABLE_MODULES = YES;
				CLANG_ENABLE_OBJC_ARC = YES;
				CLANG_WARN_BOOL_CONVERSION = YES;
				CLANG_WARN_CONSTANT_CONVERSION = YES;
				CLANG_WARN_DIRECT_OBJC_ISA_USAGE = YES_ERROR;
				CLANG_WARN_EMPTY_BODY = YES;
				CLANG_WARN_ENUM_CONVERSION = YES;
				CLANG_WARN_INT_CONVERSION = YES;
				CLANG_WARN_OBJC_ROOT_CLASS = YES_ERROR;
				CLANG_WARN_UNREACHABLE_CODE = YES;
				CLANG_WARN__DUPLICATE_METHOD_MATCH = YES;
				CODE_SIGN_IDENTITY = "-";
				COPY_PHASE_STRIP = NO;
				DEBUG_INFORMATION_FORMAT = "dwarf-with-dsym";
				ENABLE_NS_ASSERTIONS = NO;
				ENABLE_STRICT_OBJC_MSGSEND = YES;
				GCC_C_LANGUAGE_STANDARD = gnu99;
				GCC_NO_COMMON_BLOCKS = YES;
				GCC_WARN_64_TO_32_BIT_CONVERSION = YES;
				GCC_WARN_ABOUT_RETURN_TYPE = YES_ERROR;
				GCC_WARN_UNDECLARED_SELECTOR = YES;
				GCC_WARN_UNINITIALIZED_AUTOS = YES_AGGRESSIVE;
				GCC_WARN_UNUSED_FUNCTION = YES;
				GCC_WARN_UNUSED_VARIABLE = YES;
				MACOSX_DEPLOYMENT_TARGET = 10.10;
				MTL_ENABLE_DEBUG_INFO = NO;
				SDKROOT = macosx;
			};
			name = Release;
		};
		CF2AED5D1B90DCE200F81923 /* Debug */ = {
			isa = XCBuildConfiguration;
			baseConfigurationReference = 5A6FA9EE706F62451F6A668B /* Pods-ToiletLighthouse.debug.xcconfig */;
			buildSettings = {
				ASSETCATALOG_COMPILER_APPICON_NAME = AppIcon;
				COMBINE_HIDPI_IMAGES = YES;
				FRAMEWORK_SEARCH_PATHS = (
					"$(inherited)",
					"$(PROJECT_DIR)/Carthage/Build/Mac",
					"$(PROJECT_DIR)/Carthage/Build/iOS",
				);
				INFOPLIST_FILE = ToiletLighthouse/Info.plist;
				LD_RUNPATH_SEARCH_PATHS = "$(inherited) @executable_path/../Frameworks";
				PRODUCT_NAME = "$(TARGET_NAME)";
			};
			name = Debug;
		};
		CF2AED5E1B90DCE200F81923 /* Release */ = {
			isa = XCBuildConfiguration;
			baseConfigurationReference = 7374B6BB8FB9FB1B5FD15646 /* Pods-ToiletLighthouse.release.xcconfig */;
			buildSettings = {
				ASSETCATALOG_COMPILER_APPICON_NAME = AppIcon;
				COMBINE_HIDPI_IMAGES = YES;
				FRAMEWORK_SEARCH_PATHS = (
					"$(inherited)",
					"$(PROJECT_DIR)/Carthage/Build/Mac",
					"$(PROJECT_DIR)/Carthage/Build/iOS",
				);
				INFOPLIST_FILE = ToiletLighthouse/Info.plist;
				LD_RUNPATH_SEARCH_PATHS = "$(inherited) @executable_path/../Frameworks";
				PRODUCT_NAME = "$(TARGET_NAME)";
			};
			name = Release;
		};
		CF2AED601B90DCE200F81923 /* Debug */ = {
			isa = XCBuildConfiguration;
			buildSettings = {
				BUNDLE_LOADER = "$(TEST_HOST)";
				COMBINE_HIDPI_IMAGES = YES;
				FRAMEWORK_SEARCH_PATHS = (
					"$(DEVELOPER_FRAMEWORKS_DIR)",
					"$(inherited)",
				);
				GCC_PREPROCESSOR_DEFINITIONS = (
					"DEBUG=1",
					"$(inherited)",
				);
				INFOPLIST_FILE = ToiletLighthouseTests/Info.plist;
				LD_RUNPATH_SEARCH_PATHS = "$(inherited) @executable_path/../Frameworks @loader_path/../Frameworks";
				PRODUCT_NAME = "$(TARGET_NAME)";
				TEST_HOST = "$(BUILT_PRODUCTS_DIR)/ToiletLighthouse.app/Contents/MacOS/ToiletLighthouse";
			};
			name = Debug;
		};
		CF2AED611B90DCE200F81923 /* Release */ = {
			isa = XCBuildConfiguration;
			buildSettings = {
				BUNDLE_LOADER = "$(TEST_HOST)";
				COMBINE_HIDPI_IMAGES = YES;
				FRAMEWORK_SEARCH_PATHS = (
					"$(DEVELOPER_FRAMEWORKS_DIR)",
					"$(inherited)",
				);
				INFOPLIST_FILE = ToiletLighthouseTests/Info.plist;
				LD_RUNPATH_SEARCH_PATHS = "$(inherited) @executable_path/../Frameworks @loader_path/../Frameworks";
				PRODUCT_NAME = "$(TARGET_NAME)";
				TEST_HOST = "$(BUILT_PRODUCTS_DIR)/ToiletLighthouse.app/Contents/MacOS/ToiletLighthouse";
			};
			name = Release;
		};
/* End XCBuildConfiguration section */

/* Begin XCConfigurationList section */
		CF2AED3D1B90DCE200F81923 /* Build configuration list for PBXProject "ToiletLighthouse" */ = {
			isa = XCConfigurationList;
			buildConfigurations = (
				CF2AED5A1B90DCE200F81923 /* Debug */,
				CF2AED5B1B90DCE200F81923 /* Release */,
			);
			defaultConfigurationIsVisible = 0;
			defaultConfigurationName = Release;
		};
		CF2AED5C1B90DCE200F81923 /* Build configuration list for PBXNativeTarget "ToiletLighthouse" */ = {
			isa = XCConfigurationList;
			buildConfigurations = (
				CF2AED5D1B90DCE200F81923 /* Debug */,
				CF2AED5E1B90DCE200F81923 /* Release */,
			);
			defaultConfigurationIsVisible = 0;
			defaultConfigurationName = Release;
		};
		CF2AED5F1B90DCE200F81923 /* Build configuration list for PBXNativeTarget "ToiletLighthouseTests" */ = {
			isa = XCConfigurationList;
			buildConfigurations = (
				CF2AED601B90DCE200F81923 /* Debug */,
				CF2AED611B90DCE200F81923 /* Release */,
			);
			defaultConfigurationIsVisible = 0;
			defaultConfigurationName = Release;
		};
/* End XCConfigurationList section */
	};
	rootObject = CF2AED3A1B90DCE200F81923 /* Project object */;
}
